
Microsoft Visual Studio Solution File, Format Version 12.00
# Visual Studio Version 17
VisualStudioVersion = 17.5.33516.290
MinimumVisualStudioVersion = 10.0.40219.1
Project("{FAE04EC0-301F-11D3-BF4B-00C04F79EFBC}") = "Final_Exam", "Final_Exam.csproj", "{BCC7AE7C-4D25-4585-8916-1A7236DC55B8}"
EndProject
Global
	GlobalSection(SolutionConfigurationPlatforms) = preSolution
		Debug|Any CPU = Debug|Any CPU
		Release|Any CPU = Release|Any CPU
	EndGlobalSection
	GlobalSection(ProjectConfigurationPlatforms) = postSolution
		{BCC7AE7C-4D25-4585-8916-1A7236DC55B8}.Debug|Any CPU.ActiveCfg = Debug|Any CPU
		{BCC7AE7C-4D25-4585-8916-1A7236DC55B8}.Debug|Any CPU.Build.0 = Debug|Any CPU
		{BCC7AE7C-4D25-4585-8916-1A7236DC55B8}.Release|Any CPU.ActiveCfg = Release|Any CPU
		{BCC7AE7C-4D25-4585-8916-1A7236DC55B8}.Release|Any CPU.Build.0 = Release|Any CPU
	EndGlobalSection
	GlobalSection(SolutionProperties) = preSolution
		HideSolutionNode = FALSE
	EndGlobalSection
	GlobalSection(ExtensibilityGlobals) = postSolution
		SolutionGuid = {7E589A35-8E86-45B6-8934-DE2E9211CF41}
	EndGlobalSection
EndGlobal
